
Microsoft Visual Studio Solution File, Format Version 12.00
# Visual Studio 15
VisualStudioVersion = 15.0.28307.489
MinimumVisualStudioVersion = 10.0.40219.1
Project("{FAE04EC0-301F-11D3-BF4B-00C04F79EFBC}") = "prog3ej1", "prog3ej1\prog3ej1.csproj", "{8934ECC6-C813-42EF-A7D2-01C32F13A1E7}"
EndProject
Project("{FAE04EC0-301F-11D3-BF4B-00C04F79EFBC}") = "TpPdf", "TpPdf!\TpPdf.csproj", "{A8F47BF1-51C4-42B7-96A9-5382D3280175}"
EndProject
Global
	GlobalSection(SolutionConfigurationPlatforms) = preSolution
		Debug|Any CPU = Debug|Any CPU
		Release|Any CPU = Release|Any CPU
	EndGlobalSection
	GlobalSection(ProjectConfigurationPlatforms) = postSolution
		{8934ECC6-C813-42EF-A7D2-01C32F13A1E7}.Debug|Any CPU.ActiveCfg = Debug|Any CPU
		{8934ECC6-C813-42EF-A7D2-01C32F13A1E7}.Debug|Any CPU.Build.0 = Debug|Any CPU
		{8934ECC6-C813-42EF-A7D2-01C32F13A1E7}.Release|Any CPU.ActiveCfg = Release|Any CPU
		{8934ECC6-C813-42EF-A7D2-01C32F13A1E7}.Release|Any CPU.Build.0 = Release|Any CPU
		{A8F47BF1-51C4-42B7-96A9-5382D3280175}.Debug|Any CPU.ActiveCfg = Debug|Any CPU
		{A8F47BF1-51C4-42B7-96A9-5382D3280175}.Debug|Any CPU.Build.0 = Debug|Any CPU
		{A8F47BF1-51C4-42B7-96A9-5382D3280175}.Release|Any CPU.ActiveCfg = Release|Any CPU
		{A8F47BF1-51C4-42B7-96A9-5382D3280175}.Release|Any CPU.Build.0 = Release|Any CPU
	EndGlobalSection
	GlobalSection(SolutionProperties) = preSolution
		HideSolutionNode = FALSE
	EndGlobalSection
	GlobalSection(ExtensibilityGlobals) = postSolution
		SolutionGuid = {7EE696B9-B413-4A7B-BAB6-6FE3E0FFA8E8}
	EndGlobalSection
EndGlobal
